
Microsoft Visual Studio Solution File, Format Version 12.00
# Visual Studio Version 17
VisualStudioVersion = 17.4.33205.214
MinimumVisualStudioVersion = 10.0.40219.1
Project("{FAE04EC0-301F-11D3-BF4B-00C04F79EFBC}") = "GunnarBabiczEx1", "GunnarBabiczEx1\GunnarBabiczEx1.csproj", "{6C7317B0-15ED-4721-B8F4-2F32C6B60FD2}"
EndProject
Global
	GlobalSection(SolutionConfigurationPlatforms) = preSolution
		Debug|Any CPU = Debug|Any CPU
		Release|Any CPU = Release|Any CPU
	EndGlobalSection
	GlobalSection(ProjectConfigurationPlatforms) = postSolution
		{6C7317B0-15ED-4721-B8F4-2F32C6B60FD2}.Debug|Any CPU.ActiveCfg = Debug|Any CPU
		{6C7317B0-15ED-4721-B8F4-2F32C6B60FD2}.Debug|Any CPU.Build.0 = Debug|Any CPU
		{6C7317B0-15ED-4721-B8F4-2F32C6B60FD2}.Release|Any CPU.ActiveCfg = Release|Any CPU
		{6C7317B0-15ED-4721-B8F4-2F32C6B60FD2}.Release|Any CPU.Build.0 = Release|Any CPU
	EndGlobalSection
	GlobalSection(SolutionProperties) = preSolution
		HideSolutionNode = FALSE
	EndGlobalSection
	GlobalSection(ExtensibilityGlobals) = postSolution
		SolutionGuid = {D7BB3892-7A70-4F74-9B88-413FB0B031AC}
	EndGlobalSection
EndGlobal
