
Microsoft Visual Studio Solution File, Format Version 12.00
# Visual Studio Version 17
VisualStudioVersion = 17.4.33205.214
MinimumVisualStudioVersion = 10.0.40219.1
Project("{FAE04EC0-301F-11D3-BF4B-00C04F79EFBC}") = "GunnarBabicz2263Pj6", "GunnarBabicz2263Pj6\GunnarBabicz2263Pj6.csproj", "{99BC12B9-5A86-4DA8-AE43-97E0B9F7831A}"
EndProject
Global
	GlobalSection(SolutionConfigurationPlatforms) = preSolution
		Debug|Any CPU = Debug|Any CPU
		Release|Any CPU = Release|Any CPU
	EndGlobalSection
	GlobalSection(ProjectConfigurationPlatforms) = postSolution
		{99BC12B9-5A86-4DA8-AE43-97E0B9F7831A}.Debug|Any CPU.ActiveCfg = Debug|Any CPU
		{99BC12B9-5A86-4DA8-AE43-97E0B9F7831A}.Debug|Any CPU.Build.0 = Debug|Any CPU
		{99BC12B9-5A86-4DA8-AE43-97E0B9F7831A}.Release|Any CPU.ActiveCfg = Release|Any CPU
		{99BC12B9-5A86-4DA8-AE43-97E0B9F7831A}.Release|Any CPU.Build.0 = Release|Any CPU
	EndGlobalSection
	GlobalSection(SolutionProperties) = preSolution
		HideSolutionNode = FALSE
	EndGlobalSection
	GlobalSection(ExtensibilityGlobals) = postSolution
		SolutionGuid = {5EF32ED0-CF7A-401B-9E8A-171C49ACE319}
	EndGlobalSection
EndGlobal
