
Microsoft Visual Studio Solution File, Format Version 12.00
# Visual Studio Version 17
VisualStudioVersion = 17.4.33205.214
MinimumVisualStudioVersion = 10.0.40219.1
Project("{FAE04EC0-301F-11D3-BF4B-00C04F79EFBC}") = "GunnarBabicz2263Pj4", "GunnarBabicz2263Pj4\GunnarBabicz2263Pj4.csproj", "{F03B34F6-5554-40FA-9CD0-58BBA4C067A2}"
EndProject
Global
	GlobalSection(SolutionConfigurationPlatforms) = preSolution
		Debug|Any CPU = Debug|Any CPU
		Release|Any CPU = Release|Any CPU
	EndGlobalSection
	GlobalSection(ProjectConfigurationPlatforms) = postSolution
		{F03B34F6-5554-40FA-9CD0-58BBA4C067A2}.Debug|Any CPU.ActiveCfg = Debug|Any CPU
		{F03B34F6-5554-40FA-9CD0-58BBA4C067A2}.Debug|Any CPU.Build.0 = Debug|Any CPU
		{F03B34F6-5554-40FA-9CD0-58BBA4C067A2}.Release|Any CPU.ActiveCfg = Release|Any CPU
		{F03B34F6-5554-40FA-9CD0-58BBA4C067A2}.Release|Any CPU.Build.0 = Release|Any CPU
	EndGlobalSection
	GlobalSection(SolutionProperties) = preSolution
		HideSolutionNode = FALSE
	EndGlobalSection
	GlobalSection(ExtensibilityGlobals) = postSolution
		SolutionGuid = {A95899DC-D402-4065-95E2-4843D74A0FFB}
	EndGlobalSection
EndGlobal
